
Microsoft Visual Studio Solution File, Format Version 12.00
# Visual Studio 15
VisualStudioVersion = 15.0.28010.2050
MinimumVisualStudioVersion = 10.0.40219.1
Project("{FAE04EC0-301F-11D3-BF4B-00C04F79EFBC}") = "UDMProfilerV3", "UDMProfilerV3\UDMProfilerV3.csproj", "{08FD9530-BD9B-4F54-A8EB-F980991E52C8}"
	ProjectSection(ProjectDependencies) = postProject
		{B56EC21A-9972-4910-BC76-A961B16C2F2A} = {B56EC21A-9972-4910-BC76-A961B16C2F2A}
		{BB41EF2F-3F60-409B-AA07-16A335AA0794} = {BB41EF2F-3F60-409B-AA07-16A335AA0794}
		{0B5EF141-1BC2-4831-85B0-120A0BD43302} = {0B5EF141-1BC2-4831-85B0-120A0BD43302}
		{03FC9296-E194-416B-9F75-3C1C00B75FFC} = {03FC9296-E194-416B-9F75-3C1C00B75FFC}
		{483B58D0-1278-48D3-97DA-6FE33DA33211} = {483B58D0-1278-48D3-97DA-6FE33DA33211}
		{FBEAD0D9-42F0-4961-BEEB-FD81106CA439} = {FBEAD0D9-42F0-4961-BEEB-FD81106CA439}
		{BA943EDD-405C-4B23-BC51-3F1CE369BFEF} = {BA943EDD-405C-4B23-BC51-3F1CE369BFEF}
		{570516DF-4D94-418C-BE1B-984173E98F65} = {570516DF-4D94-418C-BE1B-984173E98F65}
		{2A26F0E1-8612-46C2-B1C7-CDEAC49D86CF} = {2A26F0E1-8612-46C2-B1C7-CDEAC49D86CF}
		{5485C1E2-7F30-4C3B-B6C0-DF6E222B6A2F} = {5485C1E2-7F30-4C3B-B6C0-DF6E222B6A2F}
		{D7F511E8-25B5-4E40-963B-0D3A2F69B116} = {D7F511E8-25B5-4E40-963B-0D3A2F69B116}
		{2B0D80EB-6675-423B-9297-5788B4BAA631} = {2B0D80EB-6675-423B-9297-5788B4BAA631}
	EndProjectSection
EndProject
Project("{FAE04EC0-301F-11D3-BF4B-00C04F79EFBC}") = "UDM.General", "..\..\Module\UDM.General\UDM.General.csproj", "{2A26F0E1-8612-46C2-B1C7-CDEAC49D86CF}"
EndProject
Project("{FAE04EC0-301F-11D3-BF4B-00C04F79EFBC}") = "UDM.Common", "..\..\Module\UDM.Common\UDM.Common.csproj", "{2B0D80EB-6675-423B-9297-5788B4BAA631}"
EndProject
Project("{FAE04EC0-301F-11D3-BF4B-00C04F79EFBC}") = "UDM.Converter", "..\..\Module\UDM.Converter\UDM.Converter.csproj", "{B56EC21A-9972-4910-BC76-A961B16C2F2A}"
	ProjectSection(ProjectDependencies) = postProject
		{FBEAD0D9-42F0-4961-BEEB-FD81106CA439} = {FBEAD0D9-42F0-4961-BEEB-FD81106CA439}
		{2A26F0E1-8612-46C2-B1C7-CDEAC49D86CF} = {2A26F0E1-8612-46C2-B1C7-CDEAC49D86CF}
		{2B0D80EB-6675-423B-9297-5788B4BAA631} = {2B0D80EB-6675-423B-9297-5788B4BAA631}
	EndProjectSection
EndProject
Project("{FAE04EC0-301F-11D3-BF4B-00C04F79EFBC}") = "UDM.Project", "..\..\Module\UDM.Project\UDM.Project.csproj", "{483B58D0-1278-48D3-97DA-6FE33DA33211}"
	ProjectSection(ProjectDependencies) = postProject
		{B56EC21A-9972-4910-BC76-A961B16C2F2A} = {B56EC21A-9972-4910-BC76-A961B16C2F2A}
		{0B5EF141-1BC2-4831-85B0-120A0BD43302} = {0B5EF141-1BC2-4831-85B0-120A0BD43302}
		{03FC9296-E194-416B-9F75-3C1C00B75FFC} = {03FC9296-E194-416B-9F75-3C1C00B75FFC}
		{570516DF-4D94-418C-BE1B-984173E98F65} = {570516DF-4D94-418C-BE1B-984173E98F65}
		{2A26F0E1-8612-46C2-B1C7-CDEAC49D86CF} = {2A26F0E1-8612-46C2-B1C7-CDEAC49D86CF}
		{2B0D80EB-6675-423B-9297-5788B4BAA631} = {2B0D80EB-6675-423B-9297-5788B4BAA631}
	EndProjectSection
EndProject
Project("{FAE04EC0-301F-11D3-BF4B-00C04F79EFBC}") = "UDM.DDEA", "..\..\Module\UDM.DDEA\UDM.DDEA.csproj", "{BA943EDD-405C-4B23-BC51-3F1CE369BFEF}"
	ProjectSection(ProjectDependencies) = postProject
		{0B5EF141-1BC2-4831-85B0-120A0BD43302} = {0B5EF141-1BC2-4831-85B0-120A0BD43302}
		{03FC9296-E194-416B-9F75-3C1C00B75FFC} = {03FC9296-E194-416B-9F75-3C1C00B75FFC}
		{570516DF-4D94-418C-BE1B-984173E98F65} = {570516DF-4D94-418C-BE1B-984173E98F65}
		{2A26F0E1-8612-46C2-B1C7-CDEAC49D86CF} = {2A26F0E1-8612-46C2-B1C7-CDEAC49D86CF}
		{2B0D80EB-6675-423B-9297-5788B4BAA631} = {2B0D80EB-6675-423B-9297-5788B4BAA631}
	EndProjectSection
EndProject
Project("{FAE04EC0-301F-11D3-BF4B-00C04F79EFBC}") = "UDM.DDEACommon", "..\..\Module\UDM.DDEACommon\UDM.DDEACommon.csproj", "{03FC9296-E194-416B-9F75-3C1C00B75FFC}"
	ProjectSection(ProjectDependencies) = postProject
		{2A26F0E1-8612-46C2-B1C7-CDEAC49D86CF} = {2A26F0E1-8612-46C2-B1C7-CDEAC49D86CF}
		{2B0D80EB-6675-423B-9297-5788B4BAA631} = {2B0D80EB-6675-423B-9297-5788B4BAA631}
	EndProjectSection
EndProject
Project("{FAE04EC0-301F-11D3-BF4B-00C04F79EFBC}") = "UDM.Log", "..\..\Module\UDM.Log\UDM.Log.csproj", "{570516DF-4D94-418C-BE1B-984173E98F65}"
	ProjectSection(ProjectDependencies) = postProject
		{2A26F0E1-8612-46C2-B1C7-CDEAC49D86CF} = {2A26F0E1-8612-46C2-B1C7-CDEAC49D86CF}
		{2B0D80EB-6675-423B-9297-5788B4BAA631} = {2B0D80EB-6675-423B-9297-5788B4BAA631}
	EndProjectSection
EndProject
Project("{FAE04EC0-301F-11D3-BF4B-00C04F79EFBC}") = "UDM.LogicViewer", "..\..\Module\UDM.LogicViewer\UDM.LogicViewer.csproj", "{BB41EF2F-3F60-409B-AA07-16A335AA0794}"
	ProjectSection(ProjectDependencies) = postProject
		{B56EC21A-9972-4910-BC76-A961B16C2F2A} = {B56EC21A-9972-4910-BC76-A961B16C2F2A}
		{CD8C4636-ABB7-4288-BE2D-3A43C9A5B594} = {CD8C4636-ABB7-4288-BE2D-3A43C9A5B594}
		{570516DF-4D94-418C-BE1B-984173E98F65} = {570516DF-4D94-418C-BE1B-984173E98F65}
		{2A26F0E1-8612-46C2-B1C7-CDEAC49D86CF} = {2A26F0E1-8612-46C2-B1C7-CDEAC49D86CF}
		{2B0D80EB-6675-423B-9297-5788B4BAA631} = {2B0D80EB-6675-423B-9297-5788B4BAA631}
	EndProjectSection
EndProject
Project("{FAE04EC0-301F-11D3-BF4B-00C04F79EFBC}") = "UDM.Ladder", "..\..\Module\UDM.Ladder\UDM.Ladder.csproj", "{CD8C4636-ABB7-4288-BE2D-3A43C9A5B594}"
	ProjectSection(ProjectDependencies) = postProject
		{570516DF-4D94-418C-BE1B-984173E98F65} = {570516DF-4D94-418C-BE1B-984173E98F65}
		{2A26F0E1-8612-46C2-B1C7-CDEAC49D86CF} = {2A26F0E1-8612-46C2-B1C7-CDEAC49D86CF}
		{2B0D80EB-6675-423B-9297-5788B4BAA631} = {2B0D80EB-6675-423B-9297-5788B4BAA631}
	EndProjectSection
EndProject
Project("{FAE04EC0-301F-11D3-BF4B-00C04F79EFBC}") = "UDM.UDLImport", "..\..\Module\UDM.UDLImport\UDM.UDLImport.csproj", "{FBEAD0D9-42F0-4961-BEEB-FD81106CA439}"
	ProjectSection(ProjectDependencies) = postProject
		{2A26F0E1-8612-46C2-B1C7-CDEAC49D86CF} = {2A26F0E1-8612-46C2-B1C7-CDEAC49D86CF}
		{2B0D80EB-6675-423B-9297-5788B4BAA631} = {2B0D80EB-6675-423B-9297-5788B4BAA631}
		{8444E6F1-055F-490A-9571-EB5C5F9B390E} = {8444E6F1-055F-490A-9571-EB5C5F9B390E}
	EndProjectSection
EndProject
Project("{FAE04EC0-301F-11D3-BF4B-00C04F79EFBC}") = "UDM.UDL", "..\..\Module\UDM.UDL\UDM.UDL.csproj", "{8444E6F1-055F-490A-9571-EB5C5F9B390E}"
	ProjectSection(ProjectDependencies) = postProject
		{2B0D80EB-6675-423B-9297-5788B4BAA631} = {2B0D80EB-6675-423B-9297-5788B4BAA631}
	EndProjectSection
EndProject
Project("{FAE04EC0-301F-11D3-BF4B-00C04F79EFBC}") = "UDM.LS", "..\..\Module\UDM.LS\UDM.LS.csproj", "{0B5EF141-1BC2-4831-85B0-120A0BD43302}"
	ProjectSection(ProjectDependencies) = postProject
		{570516DF-4D94-418C-BE1B-984173E98F65} = {570516DF-4D94-418C-BE1B-984173E98F65}
		{2B0D80EB-6675-423B-9297-5788B4BAA631} = {2B0D80EB-6675-423B-9297-5788B4BAA631}
	EndProjectSection
EndProject
Project("{FAE04EC0-301F-11D3-BF4B-00C04F79EFBC}") = "UDM.LincenseSW", "..\..\Module\UDM.LincenseSW\UDM.LincenseSW.csproj", "{D7F511E8-25B5-4E40-963B-0D3A2F69B116}"
EndProject
Project("{FAE04EC0-301F-11D3-BF4B-00C04F79EFBC}") = "UDM.TimeChart", "..\..\Module\UDM.TimeChart\UDM.TimeChart.csproj", "{5485C1E2-7F30-4C3B-B6C0-DF6E222B6A2F}"
EndProject
Project("{FAE04EC0-301F-11D3-BF4B-00C04F79EFBC}") = "UDM.Monitor", "..\..\Module\UDM.Monitor\UDM.Monitor.csproj", "{9885AB7B-7C0F-443E-A7A1-E56330938488}"
EndProject
Project("{FAE04EC0-301F-11D3-BF4B-00C04F79EFBC}") = "UDM.OpcUa", "..\..\Module\UDM.OpcUa\UDM.OpcUa.csproj", "{1675E913-A81A-4839-8B23-4BE0456BFDC6}"
EndProject
Project("{FAE04EC0-301F-11D3-BF4B-00C04F79EFBC}") = "UDM.OpcUa.Client", "..\..\Module\UDM.OpcUa.Client\UDM.OpcUa.Client.csproj", "{BB332D68-4FF5-43C6-8E7B-074646263206}"
EndProject
Project("{54435603-DBB4-11D2-8724-00A0C9A8B90C}") = "SetupProfilerV3", "SetupProfilerV3\SetupProfilerV3.vdproj", "{52A654A8-07CD-4266-9F50-D8FEE6CEFC30}"
EndProject
Project("{54435603-DBB4-11D2-8724-00A0C9A8B90C}") = "SetupProfilerV3_KEYLOCK", "SetupProfilerV3_KEYLOCK\SetupProfilerV3_KEYLOCK.vdproj", "{C776B484-69F9-4366-99E8-370FDD8C8004}"
EndProject
Global
	GlobalSection(SolutionConfigurationPlatforms) = preSolution
		Debug|Any CPU = Debug|Any CPU
		Debug|x86 = Debug|x86
		Release|Any CPU = Release|Any CPU
		Release|x86 = Release|x86
	EndGlobalSection
	GlobalSection(ProjectConfigurationPlatforms) = postSolution
		{08FD9530-BD9B-4F54-A8EB-F980991E52C8}.Debug|Any CPU.ActiveCfg = Debug|Any CPU
		{08FD9530-BD9B-4F54-A8EB-F980991E52C8}.Debug|Any CPU.Build.0 = Debug|Any CPU
		{08FD9530-BD9B-4F54-A8EB-F980991E52C8}.Debug|x86.ActiveCfg = Debug|Any CPU
		{08FD9530-BD9B-4F54-A8EB-F980991E52C8}.Debug|x86.Build.0 = Debug|Any CPU
		{08FD9530-BD9B-4F54-A8EB-F980991E52C8}.Release|Any CPU.ActiveCfg = Release|Any CPU
		{08FD9530-BD9B-4F54-A8EB-F980991E52C8}.Release|Any CPU.Build.0 = Release|Any CPU
		{08FD9530-BD9B-4F54-A8EB-F980991E52C8}.Release|x86.ActiveCfg = Release|Any CPU
		{2A26F0E1-8612-46C2-B1C7-CDEAC49D86CF}.Debug|Any CPU.ActiveCfg = Debug|Any CPU
		{2A26F0E1-8612-46C2-B1C7-CDEAC49D86CF}.Debug|Any CPU.Build.0 = Debug|Any CPU
		{2A26F0E1-8612-46C2-B1C7-CDEAC49D86CF}.Debug|x86.ActiveCfg = Debug|Any CPU
		{2A26F0E1-8612-46C2-B1C7-CDEAC49D86CF}.Debug|x86.Build.0 = Debug|Any CPU
		{2A26F0E1-8612-46C2-B1C7-CDEAC49D86CF}.Release|Any CPU.ActiveCfg = Release|Any CPU
		{2A26F0E1-8612-46C2-B1C7-CDEAC49D86CF}.Release|Any CPU.Build.0 = Release|Any CPU
		{2A26F0E1-8612-46C2-B1C7-CDEAC49D86CF}.Release|x86.ActiveCfg = Release|Any CPU
		{2B0D80EB-6675-423B-9297-5788B4BAA631}.Debug|Any CPU.ActiveCfg = Debug|Any CPU
		{2B0D80EB-6675-423B-9297-5788B4BAA631}.Debug|Any CPU.Build.0 = Debug|Any CPU
		{2B0D80EB-6675-423B-9297-5788B4BAA631}.Debug|x86.ActiveCfg = Debug|Any CPU
		{2B0D80EB-6675-423B-9297-5788B4BAA631}.Debug|x86.Build.0 = Debug|Any CPU
		{2B0D80EB-6675-423B-9297-5788B4BAA631}.Release|Any CPU.ActiveCfg = Release|Any CPU
		{2B0D80EB-6675-423B-9297-5788B4BAA631}.Release|Any CPU.Build.0 = Release|Any CPU
		{2B0D80EB-6675-423B-9297-5788B4BAA631}.Release|x86.ActiveCfg = Release|x86
		{2B0D80EB-6675-423B-9297-5788B4BAA631}.Release|x86.Build.0 = Release|x86
		{B56EC21A-9972-4910-BC76-A961B16C2F2A}.Debug|Any CPU.ActiveCfg = Debug|Any CPU
		{B56EC21A-9972-4910-BC76-A961B16C2F2A}.Debug|Any CPU.Build.0 = Debug|Any CPU
		{B56EC21A-9972-4910-BC76-A961B16C2F2A}.Debug|x86.ActiveCfg = Debug|Any CPU
		{B56EC21A-9972-4910-BC76-A961B16C2F2A}.Debug|x86.Build.0 = Debug|Any CPU
		{B56EC21A-9972-4910-BC76-A961B16C2F2A}.Release|Any CPU.ActiveCfg = Release|Any CPU
		{B56EC21A-9972-4910-BC76-A961B16C2F2A}.Release|Any CPU.Build.0 = Release|Any CPU
		{B56EC21A-9972-4910-BC76-A961B16C2F2A}.Release|x86.ActiveCfg = Release|Any CPU
		{483B58D0-1278-48D3-97DA-6FE33DA33211}.Debug|Any CPU.ActiveCfg = Debug|Any CPU
		{483B58D0-1278-48D3-97DA-6FE33DA33211}.Debug|Any CPU.Build.0 = Debug|Any CPU
		{483B58D0-1278-48D3-97DA-6FE33DA33211}.Debug|x86.ActiveCfg = Debug|Any CPU
		{483B58D0-1278-48D3-97DA-6FE33DA33211}.Debug|x86.Build.0 = Debug|Any CPU
		{483B58D0-1278-48D3-97DA-6FE33DA33211}.Release|Any CPU.ActiveCfg = Release|Any CPU
		{483B58D0-1278-48D3-97DA-6FE33DA33211}.Release|Any CPU.Build.0 = Release|Any CPU
		{483B58D0-1278-48D3-97DA-6FE33DA33211}.Release|x86.ActiveCfg = Release|Any CPU
		{BA943EDD-405C-4B23-BC51-3F1CE369BFEF}.Debug|Any CPU.ActiveCfg = Debug|Any CPU
		{BA943EDD-405C-4B23-BC51-3F1CE369BFEF}.Debug|Any CPU.Build.0 = Debug|Any CPU
		{BA943EDD-405C-4B23-BC51-3F1CE369BFEF}.Debug|x86.ActiveCfg = Debug|Any CPU
		{BA943EDD-405C-4B23-BC51-3F1CE369BFEF}.Debug|x86.Build.0 = Debug|Any CPU
		{BA943EDD-405C-4B23-BC51-3F1CE369BFEF}.Release|Any CPU.ActiveCfg = Release|Any CPU
		{BA943EDD-405C-4B23-BC51-3F1CE369BFEF}.Release|Any CPU.Build.0 = Release|Any CPU
		{BA943EDD-405C-4B23-BC51-3F1CE369BFEF}.Release|x86.ActiveCfg = Release|Any CPU
		{03FC9296-E194-416B-9F75-3C1C00B75FFC}.Debug|Any CPU.ActiveCfg = Debug|Any CPU
		{03FC9296-E194-416B-9F75-3C1C00B75FFC}.Debug|Any CPU.Build.0 = Debug|Any CPU
		{03FC9296-E194-416B-9F75-3C1C00B75FFC}.Debug|x86.ActiveCfg = Debug|Any CPU
		{03FC9296-E194-416B-9F75-3C1C00B75FFC}.Debug|x86.Build.0 = Debug|Any CPU
		{03FC9296-E194-416B-9F75-3C1C00B75FFC}.Release|Any CPU.ActiveCfg = Release|Any CPU
		{03FC9296-E194-416B-9F75-3C1C00B75FFC}.Release|Any CPU.Build.0 = Release|Any CPU
		{03FC9296-E194-416B-9F75-3C1C00B75FFC}.Release|x86.ActiveCfg = Release|Any CPU
		{570516DF-4D94-418C-BE1B-984173E98F65}.Debug|Any CPU.ActiveCfg = Debug|Any CPU
		{570516DF-4D94-418C-BE1B-984173E98F65}.Debug|Any CPU.Build.0 = Debug|Any CPU
		{570516DF-4D94-418C-BE1B-984173E98F65}.Debug|x86.ActiveCfg = Debug|Any CPU
		{570516DF-4D94-418C-BE1B-984173E98F65}.Debug|x86.Build.0 = Debug|Any CPU
		{570516DF-4D94-418C-BE1B-984173E98F65}.Release|Any CPU.ActiveCfg = Release|Any CPU
		{570516DF-4D94-418C-BE1B-984173E98F65}.Release|Any CPU.Build.0 = Release|Any CPU
		{570516DF-4D94-418C-BE1B-984173E98F65}.Release|x86.ActiveCfg = Release|Any CPU
		{BB41EF2F-3F60-409B-AA07-16A335AA0794}.Debug|Any CPU.ActiveCfg = Debug|Any CPU
		{BB41EF2F-3F60-409B-AA07-16A335AA0794}.Debug|Any CPU.Build.0 = Debug|Any CPU
		{BB41EF2F-3F60-409B-AA07-16A335AA0794}.Debug|x86.ActiveCfg = Debug|Any CPU
		{BB41EF2F-3F60-409B-AA07-16A335AA0794}.Debug|x86.Build.0 = Debug|Any CPU
		{BB41EF2F-3F60-409B-AA07-16A335AA0794}.Release|Any CPU.ActiveCfg = Release|Any CPU
		{BB41EF2F-3F60-409B-AA07-16A335AA0794}.Release|Any CPU.Build.0 = Release|Any CPU
		{BB41EF2F-3F60-409B-AA07-16A335AA0794}.Release|x86.ActiveCfg = Release|Any CPU
		{CD8C4636-ABB7-4288-BE2D-3A43C9A5B594}.Debug|Any CPU.ActiveCfg = Debug|Any CPU
		{CD8C4636-ABB7-4288-BE2D-3A43C9A5B594}.Debug|Any CPU.Build.0 = Debug|Any CPU
		{CD8C4636-ABB7-4288-BE2D-3A43C9A5B594}.Debug|Any CPU.Deploy.0 = Debug|Any CPU
		{CD8C4636-ABB7-4288-BE2D-3A43C9A5B594}.Debug|x86.ActiveCfg = Debug|Any CPU
		{CD8C4636-ABB7-4288-BE2D-3A43C9A5B594}.Debug|x86.Build.0 = Debug|Any CPU
		{CD8C4636-ABB7-4288-BE2D-3A43C9A5B594}.Release|Any CPU.ActiveCfg = Release|Any CPU
		{CD8C4636-ABB7-4288-BE2D-3A43C9A5B594}.Release|Any CPU.Build.0 = Release|Any CPU
		{CD8C4636-ABB7-4288-BE2D-3A43C9A5B594}.Release|x86.ActiveCfg = Release|Any CPU
		{FBEAD0D9-42F0-4961-BEEB-FD81106CA439}.Debug|Any CPU.ActiveCfg = Debug|Any CPU
		{FBEAD0D9-42F0-4961-BEEB-FD81106CA439}.Debug|Any CPU.Build.0 = Debug|Any CPU
		{FBEAD0D9-42F0-4961-BEEB-FD81106CA439}.Debug|x86.ActiveCfg = Debug|Any CPU
		{FBEAD0D9-42F0-4961-BEEB-FD81106CA439}.Debug|x86.Build.0 = Debug|Any CPU
		{FBEAD0D9-42F0-4961-BEEB-FD81106CA439}.Release|Any CPU.ActiveCfg = Release|Any CPU
		{FBEAD0D9-42F0-4961-BEEB-FD81106CA439}.Release|Any CPU.Build.0 = Release|Any CPU
		{FBEAD0D9-42F0-4961-BEEB-FD81106CA439}.Release|x86.ActiveCfg = Release|Any CPU
		{8444E6F1-055F-490A-9571-EB5C5F9B390E}.Debug|Any CPU.ActiveCfg = Debug|Any CPU
		{8444E6F1-055F-490A-9571-EB5C5F9B390E}.Debug|Any CPU.Build.0 = Debug|Any CPU
		{8444E6F1-055F-490A-9571-EB5C5F9B390E}.Debug|x86.ActiveCfg = Debug|Any CPU
		{8444E6F1-055F-490A-9571-EB5C5F9B390E}.Debug|x86.Build.0 = Debug|Any CPU
		{8444E6F1-055F-490A-9571-EB5C5F9B390E}.Release|Any CPU.ActiveCfg = Release|Any CPU
		{8444E6F1-055F-490A-9571-EB5C5F9B390E}.Release|Any CPU.Build.0 = Release|Any CPU
		{8444E6F1-055F-490A-9571-EB5C5F9B390E}.Release|x86.ActiveCfg = Release|Any CPU
		{0B5EF141-1BC2-4831-85B0-120A0BD43302}.Debug|Any CPU.ActiveCfg = Debug|Any CPU
		{0B5EF141-1BC2-4831-85B0-120A0BD43302}.Debug|Any CPU.Build.0 = Debug|Any CPU
		{0B5EF141-1BC2-4831-85B0-120A0BD43302}.Debug|Any CPU.Deploy.0 = Debug|Any CPU
		{0B5EF141-1BC2-4831-85B0-120A0BD43302}.Debug|x86.ActiveCfg = Debug|Any CPU
		{0B5EF141-1BC2-4831-85B0-120A0BD43302}.Debug|x86.Build.0 = Debug|Any CPU
		{0B5EF141-1BC2-4831-85B0-120A0BD43302}.Release|Any CPU.ActiveCfg = Release|Any CPU
		{0B5EF141-1BC2-4831-85B0-120A0BD43302}.Release|Any CPU.Build.0 = Release|Any CPU
		{0B5EF141-1BC2-4831-85B0-120A0BD43302}.Release|x86.ActiveCfg = Release|Any CPU
		{D7F511E8-25B5-4E40-963B-0D3A2F69B116}.Debug|Any CPU.ActiveCfg = Debug|Any CPU
		{D7F511E8-25B5-4E40-963B-0D3A2F69B116}.Debug|Any CPU.Build.0 = Debug|Any CPU
		{D7F511E8-25B5-4E40-963B-0D3A2F69B116}.Debug|Any CPU.Deploy.0 = Debug|Any CPU
		{D7F511E8-25B5-4E40-963B-0D3A2F69B116}.Debug|x86.ActiveCfg = Debug|Any CPU
		{D7F511E8-25B5-4E40-963B-0D3A2F69B116}.Debug|x86.Build.0 = Debug|Any CPU
		{D7F511E8-25B5-4E40-963B-0D3A2F69B116}.Release|Any CPU.ActiveCfg = Release|Any CPU
		{D7F511E8-25B5-4E40-963B-0D3A2F69B116}.Release|Any CPU.Build.0 = Release|Any CPU
		{D7F511E8-25B5-4E40-963B-0D3A2F69B116}.Release|x86.ActiveCfg = Release|Any CPU
		{5485C1E2-7F30-4C3B-B6C0-DF6E222B6A2F}.Debug|Any CPU.ActiveCfg = Debug|Any CPU
		{5485C1E2-7F30-4C3B-B6C0-DF6E222B6A2F}.Debug|Any CPU.Build.0 = Debug|Any CPU
		{5485C1E2-7F30-4C3B-B6C0-DF6E222B6A2F}.Debug|x86.ActiveCfg = Debug|Any CPU
		{5485C1E2-7F30-4C3B-B6C0-DF6E222B6A2F}.Debug|x86.Build.0 = Debug|Any CPU
		{5485C1E2-7F30-4C3B-B6C0-DF6E222B6A2F}.Release|Any CPU.ActiveCfg = Release|Any CPU
		{5485C1E2-7F30-4C3B-B6C0-DF6E222B6A2F}.Release|Any CPU.Build.0 = Release|Any CPU
		{5485C1E2-7F30-4C3B-B6C0-DF6E222B6A2F}.Release|x86.ActiveCfg = Release|Any CPU
		{9885AB7B-7C0F-443E-A7A1-E56330938488}.Debug|Any CPU.ActiveCfg = Debug|Any CPU
		{9885AB7B-7C0F-443E-A7A1-E56330938488}.Debug|Any CPU.Build.0 = Debug|Any CPU
		{9885AB7B-7C0F-443E-A7A1-E56330938488}.Debug|x86.ActiveCfg = Debug|Any CPU
		{9885AB7B-7C0F-443E-A7A1-E56330938488}.Debug|x86.Build.0 = Debug|Any CPU
		{9885AB7B-7C0F-443E-A7A1-E56330938488}.Release|Any CPU.ActiveCfg = Release|Any CPU
		{9885AB7B-7C0F-443E-A7A1-E56330938488}.Release|Any CPU.Build.0 = Release|Any CPU
		{9885AB7B-7C0F-443E-A7A1-E56330938488}.Release|x86.ActiveCfg = Release|Any CPU
		{9885AB7B-7C0F-443E-A7A1-E56330938488}.Release|x86.Build.0 = Release|Any CPU
		{1675E913-A81A-4839-8B23-4BE0456BFDC6}.Debug|Any CPU.ActiveCfg = Debug|Any CPU
		{1675E913-A81A-4839-8B23-4BE0456BFDC6}.Debug|Any CPU.Build.0 = Debug|Any CPU
		{1675E913-A81A-4839-8B23-4BE0456BFDC6}.Debug|x86.ActiveCfg = Debug|Any CPU
		{1675E913-A81A-4839-8B23-4BE0456BFDC6}.Debug|x86.Build.0 = Debug|Any CPU
		{1675E913-A81A-4839-8B23-4BE0456BFDC6}.Release|Any CPU.ActiveCfg = Release|Any CPU
		{1675E913-A81A-4839-8B23-4BE0456BFDC6}.Release|Any CPU.Build.0 = Release|Any CPU
		{1675E913-A81A-4839-8B23-4BE0456BFDC6}.Release|x86.ActiveCfg = Release|Any CPU
		{1675E913-A81A-4839-8B23-4BE0456BFDC6}.Release|x86.Build.0 = Release|Any CPU
		{BB332D68-4FF5-43C6-8E7B-074646263206}.Debug|Any CPU.ActiveCfg = Debug|Any CPU
		{BB332D68-4FF5-43C6-8E7B-074646263206}.Debug|Any CPU.Build.0 = Debug|Any CPU
		{BB332D68-4FF5-43C6-8E7B-074646263206}.Debug|x86.ActiveCfg = Debug|Any CPU
		{BB332D68-4FF5-43C6-8E7B-074646263206}.Debug|x86.Build.0 = Debug|Any CPU
		{BB332D68-4FF5-43C6-8E7B-074646263206}.Release|Any CPU.ActiveCfg = Release|Any CPU
		{BB332D68-4FF5-43C6-8E7B-074646263206}.Release|Any CPU.Build.0 = Release|Any CPU
		{BB332D68-4FF5-43C6-8E7B-074646263206}.Release|x86.ActiveCfg = Release|Any CPU
		{BB332D68-4FF5-43C6-8E7B-074646263206}.Release|x86.Build.0 = Release|Any CPU
		{52A654A8-07CD-4266-9F50-D8FEE6CEFC30}.Debug|Any CPU.ActiveCfg = Debug
		{52A654A8-07CD-4266-9F50-D8FEE6CEFC30}.Debug|x86.ActiveCfg = Debug
		{52A654A8-07CD-4266-9F50-D8FEE6CEFC30}.Release|Any CPU.ActiveCfg = Release
		{52A654A8-07CD-4266-9F50-D8FEE6CEFC30}.Release|x86.ActiveCfg = Release
		{C776B484-69F9-4366-99E8-370FDD8C8004}.Debug|Any CPU.ActiveCfg = Debug
		{C776B484-69F9-4366-99E8-370FDD8C8004}.Debug|x86.ActiveCfg = Debug
		{C776B484-69F9-4366-99E8-370FDD8C8004}.Release|Any CPU.ActiveCfg = Release
		{C776B484-69F9-4366-99E8-370FDD8C8004}.Release|x86.ActiveCfg = Release
	EndGlobalSection
	GlobalSection(SolutionProperties) = preSolution
		HideSolutionNode = FALSE
	EndGlobalSection
	GlobalSection(ExtensibilityGlobals) = postSolution
		SolutionGuid = {78BB1959-0011-45F4-9398-CAA841E9A934}
	EndGlobalSection
EndGlobal
